{
  "name": "@relintio/agent",
  "version": "0.11.3",
  "lockfileVersion": 3,
  "requires": true,
  "packages": {
    "": {
      "name": "@relintio/agent",
      "version": "0.11.3",
      "license": "SEE LICENSE IN LICENSE",
      "engines": {
        "node": ">=18"
      },
      "funding": {
        "type": "commercial",
        "url": "https://relintio.com/pricing"
      },
      "peerDependencies": {
        "express": ">=4.21.2"
      },
      "peerDependenciesMeta": {
        "express": {
          "optional": true
        }
      }
    }
  }
}
